
Microsoft Visual Studio Solution File, Format Version 12.00
# Visual Studio 15
VisualStudioVersion = 15.0.28010.2050
MinimumVisualStudioVersion = 10.0.40219.1
Project("{FAE04EC0-301F-11D3-BF4B-00C04F79EFBC}") = "FoobarTesting", "FoobarTesting\FoobarTesting.csproj", "{2A431434-3EDB-4CA9-BE94-4EE436B73431}"
EndProject
Global
	GlobalSection(SolutionConfigurationPlatforms) = preSolution
		Debug|Any CPU = Debug|Any CPU
		Release|Any CPU = Release|Any CPU
	EndGlobalSection
	GlobalSection(ProjectConfigurationPlatforms) = postSolution
		{2A431434-3EDB-4CA9-BE94-4EE436B73431}.Debug|Any CPU.ActiveCfg = Debug|Any CPU
		{2A431434-3EDB-4CA9-BE94-4EE436B73431}.Debug|Any CPU.Build.0 = Debug|Any CPU
		{2A431434-3EDB-4CA9-BE94-4EE436B73431}.Release|Any CPU.ActiveCfg = Release|Any CPU
		{2A431434-3EDB-4CA9-BE94-4EE436B73431}.Release|Any CPU.Build.0 = Release|Any CPU
	EndGlobalSection
	GlobalSection(SolutionProperties) = preSolution
		HideSolutionNode = FALSE
	EndGlobalSection
	GlobalSection(ExtensibilityGlobals) = postSolution
		SolutionGuid = {F17CC3C1-B01C-4849-8BCA-EDB818C7492E}
	EndGlobalSection
EndGlobal
